// !$*UTF8*$!
{
	archiveVersion = 1;
	classes = {
	};
	objectVersion = 46;
	objects = {

/* Begin PBXBuildFile section */
		300976A51C5BB2EE00DF525C /* main.m in Sources */ = {isa = PBXBuildFile; fileRef = 300976A41C5BB2EE00DF525C /* main.m */; };
		300976A81C5BB2EE00DF525C /* AppDelegate.m in Sources */ = {isa = PBXBuildFile; fileRef = 300976A71C5BB2EE00DF525C /* AppDelegate.m */; };
		300976AB1C5BB2EE00DF525C /* ViewController.m in Sources */ = {isa = PBXBuildFile; fileRef = 300976AA1C5BB2EE00DF525C /* ViewController.m */; };
		300976AE1C5BB2EE00DF525C /* Main.storyboard in Resources */ = {isa = PBXBuildFile; fileRef = 300976AC1C5BB2EE00DF525C /* Main.storyboard */; };
		300976B01C5BB2EE00DF525C /* Assets.xcassets in Resources */ = {isa = PBXBuildFile; fileRef = 300976AF1C5BB2EE00DF525C /* Assets.xcassets */; };
		300976B31C5BB2EE00DF525C /* LaunchScreen.storyboard in Resources */ = {isa = PBXBuildFile; fileRef = 300976B11C5BB2EE00DF525C /* LaunchScreen.storyboard */; };
		300976E11C5BB31D00DF525C /* NSString+ZLStringSize.m in Sources */ = {isa = PBXBuildFile; fileRef = 300976BD1C5BB31D00DF525C /* NSString+ZLStringSize.m */; };
		300976E21C5BB31D00DF525C /* MASCompositeConstraint.m in Sources */ = {isa = PBXBuildFile; fileRef = 300976C11C5BB31D00DF525C /* MASCompositeConstraint.m */; };
		300976E31C5BB31D00DF525C /* MASConstraint.m in Sources */ = {isa = PBXBuildFile; fileRef = 300976C41C5BB31D00DF525C /* MASConstraint.m */; };
		300976E41C5BB31D00DF525C /* MASConstraintMaker.m in Sources */ = {isa = PBXBuildFile; fileRef = 300976C61C5BB31D00DF525C /* MASConstraintMaker.m */; };
		300976E51C5BB31D00DF525C /* MASLayoutConstraint.m in Sources */ = {isa = PBXBuildFile; fileRef = 300976C81C5BB31D00DF525C /* MASLayoutConstraint.m */; };
		300976E61C5BB31D00DF525C /* MASViewAttribute.m in Sources */ = {isa = PBXBuildFile; fileRef = 300976CC1C5BB31D00DF525C /* MASViewAttribute.m */; };
		300976E71C5BB31D00DF525C /* MASViewConstraint.m in Sources */ = {isa = PBXBuildFile; fileRef = 300976CE1C5BB31D00DF525C /* MASViewConstraint.m */; };
		300976E81C5BB31D00DF525C /* NSArray+MASAdditions.m in Sources */ = {isa = PBXBuildFile; fileRef = 300976D01C5BB31D00DF525C /* NSArray+MASAdditions.m */; };
		300976E91C5BB31D00DF525C /* NSLayoutConstraint+MASDebugAdditions.m in Sources */ = {isa = PBXBuildFile; fileRef = 300976D31C5BB31D00DF525C /* NSLayoutConstraint+MASDebugAdditions.m */; };
		300976EA1C5BB31D00DF525C /* View+MASAdditions.m in Sources */ = {isa = PBXBuildFile; fileRef = 300976D51C5BB31D00DF525C /* View+MASAdditions.m */; };
		300976EB1C5BB31D00DF525C /* ViewController+MASAdditions.m in Sources */ = {isa = PBXBuildFile; fileRef = 300976D81C5BB31D00DF525C /* ViewController+MASAdditions.m */; };
		300976EC1C5BB31D00DF525C /* ZLDropDownMenu.m in Sources */ = {isa = PBXBuildFile; fileRef = 300976DA1C5BB31D00DF525C /* ZLDropDownMenu.m */; };
		300976ED1C5BB31D00DF525C /* ZLDropDownMenuCollectionViewCell.m in Sources */ = {isa = PBXBuildFile; fileRef = 300976DC1C5BB31D00DF525C /* ZLDropDownMenuCollectionViewCell.m */; };
		300976EE1C5BB31D00DF525C /* ZLDropDownMenuTitleButton.m in Sources */ = {isa = PBXBuildFile; fileRef = 300976DE1C5BB31D00DF525C /* ZLDropDownMenuTitleButton.m */; };
		300976EF1C5BB31D00DF525C /* ZLDropDownMenuUICalc.m in Sources */ = {isa = PBXBuildFile; fileRef = 300976E01C5BB31D00DF525C /* ZLDropDownMenuUICalc.m */; };
		30EAB81B1D5886DC0075D90C /* TestViewController.m in Sources */ = {isa = PBXBuildFile; fileRef = 30EAB81A1D5886DC0075D90C /* TestViewController.m */; };
/* End PBXBuildFile section */

/* Begin PBXFileReference section */
		300976A01C5BB2EE00DF525C /* ZLDropdownMenuDemo.app */ = {isa = PBXFileReference; explicitFileType = wrapper.application; includeInIndex = 0; path = ZLDropdownMenuDemo.app; sourceTree = BUILT_PRODUCTS_DIR; };
		300976A41C5BB2EE00DF525C /* main.m */ = {isa = PBXFileReference; lastKnownFileType = sourcecode.c.objc; path = main.m; sourceTree = "<group>"; };
		300976A61C5BB2EE00DF525C /* AppDelegate.h */ = {isa = PBXFileReference; lastKnownFileType = sourcecode.c.h; path = AppDelegate.h; sourceTree = "<group>"; };
		300976A71C5BB2EE00DF525C /* AppDelegate.m */ = {isa = PBXFileReference; lastKnownFileType = sourcecode.c.objc; path = AppDelegate.m; sourceTree = "<group>"; };
		300976A91C5BB2EE00DF525C /* ViewController.h */ = {isa = PBXFileReference; lastKnownFileType = sourcecode.c.h; path = ViewController.h; sourceTree = "<group>"; };
		300976AA1C5BB2EE00DF525C /* ViewController.m */ = {isa = PBXFileReference; lastKnownFileType = sourcecode.c.objc; path = ViewController.m; sourceTree = "<group>"; };
		300976AD1C5BB2EE00DF525C /* Base */ = {isa = PBXFileReference; lastKnownFileType = file.storyboard; name = Base; path = Base.lproj/Main.storyboard; sourceTree = "<group>"; };
		300976AF1C5BB2EE00DF525C /* Assets.xcassets */ = {isa = PBXFileReference; lastKnownFileType = folder.assetcatalog; path = Assets.xcassets; sourceTree = "<group>"; };
		300976B21C5BB2EE00DF525C /* Base */ = {isa = PBXFileReference; lastKnownFileType = file.storyboard; name = Base; path = Base.lproj/LaunchScreen.storyboard; sourceTree = "<group>"; };
		300976B41C5BB2EE00DF525C /* Info.plist */ = {isa = PBXFileReference; lastKnownFileType = text.plist.xml; path = Info.plist; sourceTree = "<group>"; };
		300976BC1C5BB31D00DF525C /* NSString+ZLStringSize.h */ = {isa = PBXFileReference; fileEncoding = 4; lastKnownFileType = sourcecode.c.h; path = "NSString+ZLStringSize.h"; sourceTree = "<group>"; };
		300976BD1C5BB31D00DF525C /* NSString+ZLStringSize.m */ = {isa = PBXFileReference; fileEncoding = 4; lastKnownFileType = sourcecode.c.objc; path = "NSString+ZLStringSize.m"; sourceTree = "<group>"; };
		300976C01C5BB31D00DF525C /* MASCompositeConstraint.h */ = {isa = PBXFileReference; fileEncoding = 4; lastKnownFileType = sourcecode.c.h; path = MASCompositeConstraint.h; sourceTree = "<group>"; };
		300976C11C5BB31D00DF525C /* MASCompositeConstraint.m */ = {isa = PBXFileReference; fileEncoding = 4; lastKnownFileType = sourcecode.c.objc; path = MASCompositeConstraint.m; sourceTree = "<group>"; };
		300976C21C5BB31D00DF525C /* MASConstraint+Private.h */ = {isa = PBXFileReference; fileEncoding = 4; lastKnownFileType = sourcecode.c.h; path = "MASConstraint+Private.h"; sourceTree = "<group>"; };
		300976C31C5BB31D00DF525C /* MASConstraint.h */ = {isa = PBXFileReference; fileEncoding = 4; lastKnownFileType = sourcecode.c.h; path = MASConstraint.h; sourceTree = "<group>"; };
		300976C41C5BB31D00DF525C /* MASConstraint.m */ = {isa = PBXFileReference; fileEncoding = 4; lastKnownFileType = sourcecode.c.objc; path = MASConstraint.m; sourceTree = "<group>"; };
		300976C51C5BB31D00DF525C /* MASConstraintMaker.h */ = {isa = PBXFileReference; fileEncoding = 4; lastKnownFileType = sourcecode.c.h; path = MASConstraintMaker.h; sourceTree = "<group>"; };
		300976C61C5BB31D00DF525C /* MASConstraintMaker.m */ = {isa = PBXFileReference; fileEncoding = 4; lastKnownFileType = sourcecode.c.objc; path = MASConstraintMaker.m; sourceTree = "<group>"; };
		300976C71C5BB31D00DF525C /* MASLayoutConstraint.h */ = {isa = PBXFileReference; fileEncoding = 4; lastKnownFileType = sourcecode.c.h; path = MASLayoutConstraint.h; sourceTree = "<group>"; };
		300976C81C5BB31D00DF525C /* MASLayoutConstraint.m */ = {isa = PBXFileReference; fileEncoding = 4; lastKnownFileType = sourcecode.c.objc; path = MASLayoutConstraint.m; sourceTree = "<group>"; };
		300976C91C5BB31D00DF525C /* Masonry.h */ = {isa = PBXFileReference; fileEncoding = 4; lastKnownFileType = sourcecode.c.h; path = Masonry.h; sourceTree = "<group>"; };
		300976CA1C5BB31D00DF525C /* MASUtilities.h */ = {isa = PBXFileReference; fileEncoding = 4; lastKnownFileType = sourcecode.c.h; path = MASUtilities.h; sourceTree = "<group>"; };
		300976CB1C5BB31D00DF525C /* MASViewAttribute.h */ = {isa = PBXFileReference; fileEncoding = 4; lastKnownFileType = sourcecode.c.h; path = MASViewAttribute.h; sourceTree = "<group>"; };
		300976CC1C5BB31D00DF525C /* MASViewAttribute.m */ = {isa = PBXFileReference; fileEncoding = 4; lastKnownFileType = sourcecode.c.objc; path = MASViewAttribute.m; sourceTree = "<group>"; };
		300976CD1C5BB31D00DF525C /* MASViewConstraint.h */ = {isa = PBXFileReference; fileEncoding = 4; lastKnownFileType = sourcecode.c.h; path = MASViewConstraint.h; sourceTree = "<group>"; };
		300976CE1C5BB31D00DF525C /* MASViewConstraint.m */ = {isa = PBXFileReference; fileEncoding = 4; lastKnownFileType = sourcecode.c.objc; path = MASViewConstraint.m; sourceTree = "<group>"; };
		300976CF1C5BB31D00DF525C /* NSArray+MASAdditions.h */ = {isa = PBXFileReference; fileEncoding = 4; lastKnownFileType = sourcecode.c.h; path = "NSArray+MASAdditions.h"; sourceTree = "<group>"; };
		300976D01C5BB31D00DF525C /* NSArray+MASAdditions.m */ = {isa = PBXFileReference; fileEncoding = 4; lastKnownFileType = sourcecode.c.objc; path = "NSArray+MASAdditions.m"; sourceTree = "<group>"; };
		300976D11C5BB31D00DF525C /* NSArray+MASShorthandAdditions.h */ = {isa = PBXFileReference; fileEncoding = 4; lastKnownFileType = sourcecode.c.h; path = "NSArray+MASShorthandAdditions.h"; sourceTree = "<group>"; };
		300976D21C5BB31D00DF525C /* NSLayoutConstraint+MASDebugAdditions.h */ = {isa = PBXFileReference; fileEncoding = 4; lastKnownFileType = sourcecode.c.h; path = "NSLayoutConstraint+MASDebugAdditions.h"; sourceTree = "<group>"; };
		300976D31C5BB31D00DF525C /* NSLayoutConstraint+MASDebugAdditions.m */ = {isa = PBXFileReference; fileEncoding = 4; lastKnownFileType = sourcecode.c.objc; path = "NSLayoutConstraint+MASDebugAdditions.m"; sourceTree = "<group>"; };
		300976D41C5BB31D00DF525C /* View+MASAdditions.h */ = {isa = PBXFileReference; fileEncoding = 4; lastKnownFileType = sourcecode.c.h; path = "View+MASAdditions.h"; sourceTree = "<group>"; };
		300976D51C5BB31D00DF525C /* View+MASAdditions.m */ = {isa = PBXFileReference; fileEncoding = 4; lastKnownFileType = sourcecode.c.objc; path = "View+MASAdditions.m"; sourceTree = "<group>"; };
		300976D61C5BB31D00DF525C /* View+MASShorthandAdditions.h */ = {isa = PBXFileReference; fileEncoding = 4; lastKnownFileType = sourcecode.c.h; path = "View+MASShorthandAdditions.h"; sourceTree = "<group>"; };
		300976D71C5BB31D00DF525C /* ViewController+MASAdditions.h */ = {isa = PBXFileReference; fileEncoding = 4; lastKnownFileType = sourcecode.c.h; path = "ViewController+MASAdditions.h"; sourceTree = "<group>"; };
		300976D81C5BB31D00DF525C /* ViewController+MASAdditions.m */ = {isa = PBXFileReference; fileEncoding = 4; lastKnownFileType = sourcecode.c.objc; path = "ViewController+MASAdditions.m"; sourceTree = "<group>"; };
		300976D91C5BB31D00DF525C /* ZLDropDownMenu.h */ = {isa = PBXFileReference; fileEncoding = 4; lastKnownFileType = sourcecode.c.h; path = ZLDropDownMenu.h; sourceTree = "<group>"; };
		300976DA1C5BB31D00DF525C /* ZLDropDownMenu.m */ = {isa = PBXFileReference; fileEncoding = 4; lastKnownFileType = sourcecode.c.objc; path = ZLDropDownMenu.m; sourceTree = "<group>"; };
		300976DB1C5BB31D00DF525C /* ZLDropDownMenuCollectionViewCell.h */ = {isa = PBXFileReference; fileEncoding = 4; lastKnownFileType = sourcecode.c.h; path = ZLDropDownMenuCollectionViewCell.h; sourceTree = "<group>"; };
		300976DC1C5BB31D00DF525C /* ZLDropDownMenuCollectionViewCell.m */ = {isa = PBXFileReference; fileEncoding = 4; lastKnownFileType = sourcecode.c.objc; path = ZLDropDownMenuCollectionViewCell.m; sourceTree = "<group>"; };
		300976DD1C5BB31D00DF525C /* ZLDropDownMenuTitleButton.h */ = {isa = PBXFileReference; fileEncoding = 4; lastKnownFileType = sourcecode.c.h; path = ZLDropDownMenuTitleButton.h; sourceTree = "<group>"; };
		300976DE1C5BB31D00DF525C /* ZLDropDownMenuTitleButton.m */ = {isa = PBXFileReference; fileEncoding = 4; lastKnownFileType = sourcecode.c.objc; path = ZLDropDownMenuTitleButton.m; sourceTree = "<group>"; };
		300976DF1C5BB31D00DF525C /* ZLDropDownMenuUICalc.h */ = {isa = PBXFileReference; fileEncoding = 4; lastKnownFileType = sourcecode.c.h; path = ZLDropDownMenuUICalc.h; sourceTree = "<group>"; };
		300976E01C5BB31D00DF525C /* ZLDropDownMenuUICalc.m */ = {isa = PBXFileReference; fileEncoding = 4; lastKnownFileType = sourcecode.c.objc; path = ZLDropDownMenuUICalc.m; sourceTree = "<group>"; };
		30EAB8191D5886DC0075D90C /* TestViewController.h */ = {isa = PBXFileReference; fileEncoding = 4; lastKnownFileType = sourcecode.c.h; path = TestViewController.h; sourceTree = "<group>"; };
		30EAB81A1D5886DC0075D90C /* TestViewController.m */ = {isa = PBXFileReference; fileEncoding = 4; lastKnownFileType = sourcecode.c.objc; path = TestViewController.m; sourceTree = "<group>"; };
/* End PBXFileReference section */

/* Begin PBXFrameworksBuildPhase section */
		3009769D1C5BB2EE00DF525C /* Frameworks */ = {
			isa = PBXFrameworksBuildPhase;
			buildActionMask = 2147483647;
			files = (
			);
			runOnlyForDeploymentPostprocessing = 0;
		};
/* End PBXFrameworksBuildPhase section */

/* Begin PBXGroup section */
		300976971C5BB2EE00DF525C = {
			isa = PBXGroup;
			children = (
				300976A21C5BB2EE00DF525C /* ZLDropdownMenuDemo */,
				300976A11C5BB2EE00DF525C /* Products */,
			);
			sourceTree = "<group>";
		};
		300976A11C5BB2EE00DF525C /* Products */ = {
			isa = PBXGroup;
			children = (
				300976A01C5BB2EE00DF525C /* ZLDropdownMenuDemo.app */,
			);
			name = Products;
			sourceTree = "<group>";
		};
		300976A21C5BB2EE00DF525C /* ZLDropdownMenuDemo */ = {
			isa = PBXGroup;
			children = (
				300976BA1C5BB31D00DF525C /* ZLDropDownMenu */,
				300976A61C5BB2EE00DF525C /* AppDelegate.h */,
				300976A71C5BB2EE00DF525C /* AppDelegate.m */,
				300976A91C5BB2EE00DF525C /* ViewController.h */,
				300976AA1C5BB2EE00DF525C /* ViewController.m */,
				300976AC1C5BB2EE00DF525C /* Main.storyboard */,
				30EAB8191D5886DC0075D90C /* TestViewController.h */,
				30EAB81A1D5886DC0075D90C /* TestViewController.m */,
				300976AF1C5BB2EE00DF525C /* Assets.xcassets */,
				300976B11C5BB2EE00DF525C /* LaunchScreen.storyboard */,
				300976B41C5BB2EE00DF525C /* Info.plist */,
				300976A31C5BB2EE00DF525C /* Supporting Files */,
			);
			path = ZLDropdownMenuDemo;
			sourceTree = "<group>";
		};
		300976A31C5BB2EE00DF525C /* Supporting Files */ = {
			isa = PBXGroup;
			children = (
				300976A41C5BB2EE00DF525C /* main.m */,
			);
			name = "Supporting Files";
			sourceTree = "<group>";
		};
		300976BA1C5BB31D00DF525C /* ZLDropDownMenu */ = {
			isa = PBXGroup;
			children = (
				300976BB1C5BB31D00DF525C /* Categories */,
				300976BE1C5BB31D00DF525C /* Utils */,
				300976D91C5BB31D00DF525C /* ZLDropDownMenu.h */,
				300976DA1C5BB31D00DF525C /* ZLDropDownMenu.m */,
				300976DB1C5BB31D00DF525C /* ZLDropDownMenuCollectionViewCell.h */,
				300976DC1C5BB31D00DF525C /* ZLDropDownMenuCollectionViewCell.m */,
				300976DD1C5BB31D00DF525C /* ZLDropDownMenuTitleButton.h */,
				300976DE1C5BB31D00DF525C /* ZLDropDownMenuTitleButton.m */,
				300976DF1C5BB31D00DF525C /* ZLDropDownMenuUICalc.h */,
				300976E01C5BB31D00DF525C /* ZLDropDownMenuUICalc.m */,
			);
			path = ZLDropDownMenu;
			sourceTree = "<group>";
		};
		300976BB1C5BB31D00DF525C /* Categories */ = {
			isa = PBXGroup;
			children = (
				300976BC1C5BB31D00DF525C /* NSString+ZLStringSize.h */,
				300976BD1C5BB31D00DF525C /* NSString+ZLStringSize.m */,
			);
			path = Categories;
			sourceTree = "<group>";
		};
		300976BE1C5BB31D00DF525C /* Utils */ = {
			isa = PBXGroup;
			children = (
				300976BF1C5BB31D00DF525C /* Masonry */,
			);
			path = Utils;
			sourceTree = "<group>";
		};
		300976BF1C5BB31D00DF525C /* Masonry */ = {
			isa = PBXGroup;
			children = (
				300976C01C5BB31D00DF525C /* MASCompositeConstraint.h */,
				300976C11C5BB31D00DF525C /* MASCompositeConstraint.m */,
				300976C21C5BB31D00DF525C /* MASConstraint+Private.h */,
				300976C31C5BB31D00DF525C /* MASConstraint.h */,
				300976C41C5BB31D00DF525C /* MASConstraint.m */,
				300976C51C5BB31D00DF525C /* MASConstraintMaker.h */,
				300976C61C5BB31D00DF525C /* MASConstraintMaker.m */,
				300976C71C5BB31D00DF525C /* MASLayoutConstraint.h */,
				300976C81C5BB31D00DF525C /* MASLayoutConstraint.m */,
				300976C91C5BB31D00DF525C /* Masonry.h */,
				300976CA1C5BB31D00DF525C /* MASUtilities.h */,
				300976CB1C5BB31D00DF525C /* MASViewAttribute.h */,
				300976CC1C5BB31D00DF525C /* MASViewAttribute.m */,
				300976CD1C5BB31D00DF525C /* MASViewConstraint.h */,
				300976CE1C5BB31D00DF525C /* MASViewConstraint.m */,
				300976CF1C5BB31D00DF525C /* NSArray+MASAdditions.h */,
				300976D01C5BB31D00DF525C /* NSArray+MASAdditions.m */,
				300976D11C5BB31D00DF525C /* NSArray+MASShorthandAdditions.h */,
				300976D21C5BB31D00DF525C /* NSLayoutConstraint+MASDebugAdditions.h */,
				300976D31C5BB31D00DF525C /* NSLayoutConstraint+MASDebugAdditions.m */,
				300976D41C5BB31D00DF525C /* View+MASAdditions.h */,
				300976D51C5BB31D00DF525C /* View+MASAdditions.m */,
				300976D61C5BB31D00DF525C /* View+MASShorthandAdditions.h */,
				300976D71C5BB31D00DF525C /* ViewController+MASAdditions.h */,
				300976D81C5BB31D00DF525C /* ViewController+MASAdditions.m */,
			);
			path = Masonry;
			sourceTree = "<group>";
		};
/* End PBXGroup section */

/* Begin PBXNativeTarget section */
		3009769F1C5BB2EE00DF525C /* ZLDropdownMenuDemo */ = {
			isa = PBXNativeTarget;
			buildConfigurationList = 300976B71C5BB2EE00DF525C /* Build configuration list for PBXNativeTarget "ZLDropdownMenuDemo" */;
			buildPhases = (
				3009769C1C5BB2EE00DF525C /* Sources */,
				3009769D1C5BB2EE00DF525C /* Frameworks */,
				3009769E1C5BB2EE00DF525C /* Resources */,
			);
			buildRules = (
			);
			dependencies = (
			);
			name = ZLDropdownMenuDemo;
			productName = ZLDropdownMenuDemo;
			productReference = 300976A01C5BB2EE00DF525C /* ZLDropdownMenuDemo.app */;
			productType = "com.apple.product-type.application";
		};
/* End PBXNativeTarget section */

/* Begin PBXProject section */
		300976981C5BB2EE00DF525C /* Project object */ = {
			isa = PBXProject;
			attributes = {
				LastUpgradeCheck = 0720;
				ORGANIZATIONNAME = zhao;
				TargetAttributes = {
					3009769F1C5BB2EE00DF525C = {
						CreatedOnToolsVersion = 7.2;
					};
				};
			};
			buildConfigurationList = 3009769B1C5BB2EE00DF525C /* Build configuration list for PBXProject "ZLDropdownMenuDemo" */;
			compatibilityVersion = "Xcode 3.2";
			developmentRegion = English;
			hasScannedForEncodings = 0;
			knownRegions = (
				en,
				Base,
			);
			mainGroup = 300976971C5BB2EE00DF525C;
			productRefGroup = 300976A11C5BB2EE00DF525C /* Products */;
			projectDirPath = "";
			projectRoot = "";
			targets = (
				3009769F1C5BB2EE00DF525C /* ZLDropdownMenuDemo */,
			);
		};
/* End PBXProject section */

/* Begin PBXResourcesBuildPhase section */
		3009769E1C5BB2EE00DF525C /* Resources */ = {
			isa = PBXResourcesBuildPhase;
			buildActionMask = 2147483647;
			files = (
				300976B31C5BB2EE00DF525C /* LaunchScreen.storyboard in Resources */,
				300976B01C5BB2EE00DF525C /* Assets.xcassets in Resources */,
				300976AE1C5BB2EE00DF525C /* Main.storyboard in Resources */,
			);
			runOnlyForDeploymentPostprocessing = 0;
		};
/* End PBXResourcesBuildPhase section */

/* Begin PBXSourcesBuildPhase section */
		3009769C1C5BB2EE00DF525C /* Sources */ = {
			isa = PBXSourcesBuildPhase;
			buildActionMask = 2147483647;
			files = (
				300976EE1C5BB31D00DF525C /* ZLDropDownMenuTitleButton.m in Sources */,
				300976E41C5BB31D00DF525C /* MASConstraintMaker.m in Sources */,
				300976AB1C5BB2EE00DF525C /* ViewController.m in Sources */,
				300976E11C5BB31D00DF525C /* NSString+ZLStringSize.m in Sources */,
				300976E31C5BB31D00DF525C /* MASConstraint.m in Sources */,
				300976EC1C5BB31D00DF525C /* ZLDropDownMenu.m in Sources */,
				300976EB1C5BB31D00DF525C /* ViewController+MASAdditions.m in Sources */,
				300976E51C5BB31D00DF525C /* MASLayoutConstraint.m in Sources */,
				300976E81C5BB31D00DF525C /* NSArray+MASAdditions.m in Sources */,
				300976E71C5BB31D00DF525C /* MASViewConstraint.m in Sources */,
				300976EF1C5BB31D00DF525C /* ZLDropDownMenuUICalc.m in Sources */,
				30EAB81B1D5886DC0075D90C /* TestViewController.m in Sources */,
				300976E61C5BB31D00DF525C /* MASViewAttribute.m in Sources */,
				300976EA1C5BB31D00DF525C /* View+MASAdditions.m in Sources */,
				300976A81C5BB2EE00DF525C /* AppDelegate.m in Sources */,
				300976ED1C5BB31D00DF525C /* ZLDropDownMenuCollectionViewCell.m in Sources */,
				300976A51C5BB2EE00DF525C /* main.m in Sources */,
				300976E21C5BB31D00DF525C /* MASCompositeConstraint.m in Sources */,
				300976E91C5BB31D00DF525C /* NSLayoutConstraint+MASDebugAdditions.m in Sources */,
			);
			runOnlyForDeploymentPostprocessing = 0;
		};
/* End PBXSourcesBuildPhase section */

/* Begin PBXVariantGroup section */
		300976AC1C5BB2EE00DF525C /* Main.storyboard */ = {
			isa = PBXVariantGroup;
			children = (
				300976AD1C5BB2EE00DF525C /* Base */,
			);
			name = Main.storyboard;
			sourceTree = "<group>";
		};
		300976B11C5BB2EE00DF525C /* LaunchScreen.storyboard */ = {
			isa = PBXVariantGroup;
			children = (
				300976B21C5BB2EE00DF525C /* Base */,
			);
			name = LaunchScreen.storyboard;
			sourceTree = "<group>";
		};
/* End PBXVariantGroup section */

/* Begin XCBuildConfiguration section */
		300976B51C5BB2EE00DF525C /* Debug */ = {
			isa = XCBuildConfiguration;
			buildSettings = {
				ALWAYS_SEARCH_USER_PATHS = NO;
				CLANG_CXX_LANGUAGE_STANDARD = "gnu++0x";
				CLANG_CXX_LIBRARY = "libc++";
				CLANG_ENABLE_MODULES = YES;
				CLANG_ENABLE_OBJC_ARC = YES;
				CLANG_WARN_BOOL_CONVERSION = YES;
				CLANG_WARN_CONSTANT_CONVERSION = YES;
				CLANG_WARN_DIRECT_OBJC_ISA_USAGE = YES_ERROR;
				CLANG_WARN_EMPTY_BODY = YES;
				CLANG_WARN_ENUM_CONVERSION = YES;
				CLANG_WARN_INT_CONVERSION = YES;
				CLANG_WARN_OBJC_ROOT_CLASS = YES_ERROR;
				CLANG_WARN_UNREACHABLE_CODE = YES;
				CLANG_WARN__DUPLICATE_METHOD_MATCH = YES;
				"CODE_SIGN_IDENTITY[sdk=iphoneos*]" = "iPhone Developer";
				COPY_PHASE_STRIP = NO;
				DEBUG_INFORMATION_FORMAT = dwarf;
				ENABLE_STRICT_OBJC_MSGSEND = YES;
				ENABLE_TESTABILITY = YES;
				GCC_C_LANGUAGE_STANDARD = gnu99;
				GCC_DYNAMIC_NO_PIC = NO;
				GCC_NO_COMMON_BLOCKS = YES;
				GCC_OPTIMIZATION_LEVEL = 0;
				GCC_PREPROCESSOR_DEFINITIONS = (
					"DEBUG=1",
					"$(inherited)",
				);
				GCC_WARN_64_TO_32_BIT_CONVERSION = YES;
				GCC_WARN_ABOUT_RETURN_TYPE = YES_ERROR;
				GCC_WARN_UNDECLARED_SELECTOR = YES;
				GCC_WARN_UNINITIALIZED_AUTOS = YES_AGGRESSIVE;
				GCC_WARN_UNUSED_FUNCTION = YES;
				GCC_WARN_UNUSED_VARIABLE = YES;
				IPHONEOS_DEPLOYMENT_TARGET = 9.2;
				MTL_ENABLE_DEBUG_INFO = YES;
				ONLY_ACTIVE_ARCH = YES;
				SDKROOT = iphoneos;
			};
			name = Debug;
		};
		300976B61C5BB2EE00DF525C /* Release */ = {
			isa = XCBuildConfiguration;
			buildSettings = {
				ALWAYS_SEARCH_USER_PATHS = NO;
				CLANG_CXX_LANGUAGE_STANDARD = "gnu++0x";
				CLANG_CXX_LIBRARY = "libc++";
				CLANG_ENABLE_MODULES = YES;
				CLANG_ENABLE_OBJC_ARC = YES;
				CLANG_WARN_BOOL_CONVERSION = YES;
				CLANG_WARN_CONSTANT_CONVERSION = YES;
				CLANG_WARN_DIRECT_OBJC_ISA_USAGE = YES_ERROR;
				CLANG_WARN_EMPTY_BODY = YES;
				CLANG_WARN_ENUM_CONVERSION = YES;
				CLANG_WARN_INT_CONVERSION = YES;
				CLANG_WARN_OBJC_ROOT_CLASS = YES_ERROR;
				CLANG_WARN_UNREACHABLE_CODE = YES;
				CLANG_WARN__DUPLICATE_METHOD_MATCH = YES;
				"CODE_SIGN_IDENTITY[sdk=iphoneos*]" = "iPhone Developer";
				COPY_PHASE_STRIP = NO;
				DEBUG_INFORMATION_FORMAT = "dwarf-with-dsym";
				ENABLE_NS_ASSERTIONS = NO;
				ENABLE_STRICT_OBJC_MSGSEND = YES;
				GCC_C_LANGUAGE_STANDARD = gnu99;
				GCC_NO_COMMON_BLOCKS = YES;
				GCC_WARN_64_TO_32_BIT_CONVERSION = YES;
				GCC_WARN_ABOUT_RETURN_TYPE = YES_ERROR;
				GCC_WARN_UNDECLARED_SELECTOR = YES;
				GCC_WARN_UNINITIALIZED_AUTOS = YES_AGGRESSIVE;
				GCC_WARN_UNUSED_FUNCTION = YES;
				GCC_WARN_UNUSED_VARIABLE = YES;
				IPHONEOS_DEPLOYMENT_TARGET = 9.2;
				MTL_ENABLE_DEBUG_INFO = NO;
				SDKROOT = iphoneos;
				VALIDATE_PRODUCT = YES;
			};
			name = Release;
		};
		300976B81C5BB2EE00DF525C /* Debug */ = {
			isa = XCBuildConfiguration;
			buildSettings = {
				ASSETCATALOG_COMPILER_APPICON_NAME = AppIcon;
				CODE_SIGN_IDENTITY = "iPhone Developer";
				INFOPLIST_FILE = ZLDropdownMenuDemo/Info.plist;
				IPHONEOS_DEPLOYMENT_TARGET = 8.0;
				LD_RUNPATH_SEARCH_PATHS = "$(inherited) @executable_path/Frameworks";
				PRODUCT_BUNDLE_IDENTIFIER = com.smrz.ZLDropdownMenuDemo;
				PRODUCT_NAME = "$(TARGET_NAME)";
			};
			name = Debug;
		};
		300976B91C5BB2EE00DF525C /* Release */ = {
			isa = XCBuildConfiguration;
			buildSettings = {
				ASSETCATALOG_COMPILER_APPICON_NAME = AppIcon;
				CODE_SIGN_IDENTITY = "iPhone Developer";
				INFOPLIST_FILE = ZLDropdownMenuDemo/Info.plist;
				IPHONEOS_DEPLOYMENT_TARGET = 8.0;
				LD_RUNPATH_SEARCH_PATHS = "$(inherited) @executable_path/Frameworks";
				PRODUCT_BUNDLE_IDENTIFIER = com.smrz.ZLDropdownMenuDemo;
				PRODUCT_NAME = "$(TARGET_NAME)";
			};
			name = Release;
		};
/* End XCBuildConfiguration section */

/* Begin XCConfigurationList section */
		3009769B1C5BB2EE00DF525C /* Build configuration list for PBXProject "ZLDropdownMenuDemo" */ = {
			isa = XCConfigurationList;
			buildConfigurations = (
				300976B51C5BB2EE00DF525C /* Debug */,
				300976B61C5BB2EE00DF525C /* Release */,
			);
			defaultConfigurationIsVisible = 0;
			defaultConfigurationName = Release;
		};
		300976B71C5BB2EE00DF525C /* Build configuration list for PBXNativeTarget "ZLDropdownMenuDemo" */ = {
			isa = XCConfigurationList;
			buildConfigurations = (
				300976B81C5BB2EE00DF525C /* Debug */,
				300976B91C5BB2EE00DF525C /* Release */,
			);
			defaultConfigurationIsVisible = 0;
			defaultConfigurationName = Release;
		};
/* End XCConfigurationList section */
	};
	rootObject = 300976981C5BB2EE00DF525C /* Project object */;
}
